
Microsoft Visual Studio Solution File, Format Version 12.00
Project("{FAE04EC0-301F-11D3-BF4B-00C04F79EFBC}") = "EstimationWorkshopAPI", "EstimationWorkshopAPI\EstimationWorkshopAPI.csproj", "{C26C4FF4-0D1B-4F8E-B571-DB324B4416D3}"
EndProject
Project("{FAE04EC0-301F-11D3-BF4B-00C04F79EFBC}") = "BusinessObjectsTests", "BusinessObjectsTests\BusinessObjectsTests.csproj", "{6AD30AF6-8881-4650-9EAB-5BFC3CBAFE92}"
EndProject
Global
	GlobalSection(SolutionConfigurationPlatforms) = preSolution
		Debug|Any CPU = Debug|Any CPU
		Release|Any CPU = Release|Any CPU
	EndGlobalSection
	GlobalSection(ProjectConfigurationPlatforms) = postSolution
		{C26C4FF4-0D1B-4F8E-B571-DB324B4416D3}.Debug|Any CPU.ActiveCfg = Debug|Any CPU
		{C26C4FF4-0D1B-4F8E-B571-DB324B4416D3}.Debug|Any CPU.Build.0 = Debug|Any CPU
		{C26C4FF4-0D1B-4F8E-B571-DB324B4416D3}.Release|Any CPU.ActiveCfg = Release|Any CPU
		{C26C4FF4-0D1B-4F8E-B571-DB324B4416D3}.Release|Any CPU.Build.0 = Release|Any CPU
		{6AD30AF6-8881-4650-9EAB-5BFC3CBAFE92}.Debug|Any CPU.ActiveCfg = Debug|Any CPU
		{6AD30AF6-8881-4650-9EAB-5BFC3CBAFE92}.Debug|Any CPU.Build.0 = Debug|Any CPU
		{6AD30AF6-8881-4650-9EAB-5BFC3CBAFE92}.Release|Any CPU.ActiveCfg = Release|Any CPU
		{6AD30AF6-8881-4650-9EAB-5BFC3CBAFE92}.Release|Any CPU.Build.0 = Release|Any CPU
	EndGlobalSection
EndGlobal
